
Microsoft Visual Studio Solution File, Format Version 12.00
# Visual Studio Version 16
VisualStudioVersion = 16.0.34902.97
MinimumVisualStudioVersion = 10.0.40219.1
Project("{8BC9CEB8-8B4A-11D0-8D11-00A0C91BC942}") = "WebM", "WebM_Premiere.vcxproj", "{8C4F19A7-759E-4D52-BAEC-7ADF60FBFE8F}"
	ProjectSection(ProjectDependencies) = postProject
		{3A214E06-B95E-4D61-A291-1F9DF2EC10FD} = {3A214E06-B95E-4D61-A291-1F9DF2EC10FD}
		{5B6ACB0E-9CF5-3565-AC2F-C4C33C803088} = {5B6ACB0E-9CF5-3565-AC2F-C4C33C803088}
		{2736CF10-24CB-3557-AD4A-BA9950E82B28} = {2736CF10-24CB-3557-AD4A-BA9950E82B28}
		{549EF911-B7F7-3F99-86EC-70E077B2FF38} = {549EF911-B7F7-3F99-86EC-70E077B2FF38}
		{B31FD015-E264-34F0-9B95-B29D596FA6E3} = {B31FD015-E264-34F0-9B95-B29D596FA6E3}
		{2285DB18-52D5-3F76-883B-A0480FC99933} = {2285DB18-52D5-3F76-883B-A0480FC99933}
		{95A2E519-0376-3B8C-8FC3-0AB1B53B14BB} = {95A2E519-0376-3B8C-8FC3-0AB1B53B14BB}
		{E5F8A21B-6633-3B5C-9EB5-BCCA356A34FD} = {E5F8A21B-6633-3B5C-9EB5-BCCA356A34FD}
		{EE6C0B30-D76C-3B93-80F6-90F13BC84BB8} = {EE6C0B30-D76C-3B93-80F6-90F13BC84BB8}
		{A45B363C-4BAA-3191-9582-B3D6BE1A2EFE} = {A45B363C-4BAA-3191-9582-B3D6BE1A2EFE}
		{45300B59-0D3A-3422-A2C7-76BAE271F64C} = {45300B59-0D3A-3422-A2C7-76BAE271F64C}
		{457CA05A-64FA-3A47-935B-78D561385E1A} = {457CA05A-64FA-3A47-935B-78D561385E1A}
		{2297A95A-D1E3-395B-9C9F-0EFE4EDEA422} = {2297A95A-D1E3-395B-9C9F-0EFE4EDEA422}
		{B3FC7563-81F1-338B-8E85-B4941007E7B8} = {B3FC7563-81F1-338B-8E85-B4941007E7B8}
		{348E4D64-1893-3C60-8E84-D9D8FE09563F} = {348E4D64-1893-3C60-8E84-D9D8FE09563F}
		{219EC965-228A-1824-174D-96449D05F88A} = {219EC965-228A-1824-174D-96449D05F88A}
		{D295106B-CB3B-3D73-8C52-0F822D586B23} = {D295106B-CB3B-3D73-8C52-0F822D586B23}
		{5C30D46C-04A3-3619-ADF6-FEF90E401DDE} = {5C30D46C-04A3-3619-ADF6-FEF90E401DDE}
		{5EE2DF79-3BCA-4818-8768-E55EF9AF8A15} = {5EE2DF79-3BCA-4818-8768-E55EF9AF8A15}
		{F7E95082-4806-3419-AC83-01228BAA3EA5} = {F7E95082-4806-3419-AC83-01228BAA3EA5}
		{00DA5182-8C03-37F6-A92C-AC2158E0E87A} = {00DA5182-8C03-37F6-A92C-AC2158E0E87A}
		{921F6887-D1F0-3BE4-9C88-9B0F00281CE5} = {921F6887-D1F0-3BE4-9C88-9B0F00281CE5}
		{E3912090-7A3E-32B0-B19D-20CF0109549C} = {E3912090-7A3E-32B0-B19D-20CF0109549C}
		{2C058590-1A34-37C6-80B0-2CBE611899C9} = {2C058590-1A34-37C6-80B0-2CBE611899C9}
		{A641F193-B216-33CD-A55D-61CA3F1E0D7B} = {A641F193-B216-33CD-A55D-61CA3F1E0D7B}
		{2BE67895-CE7B-3C37-932B-260CDF132386} = {2BE67895-CE7B-3C37-932B-260CDF132386}
		{006BA298-85C0-301A-8057-923A1B27E492} = {006BA298-85C0-301A-8057-923A1B27E492}
		{0C5864A2-5A46-3F10-9C1E-F2D3FDC344EB} = {0C5864A2-5A46-3F10-9C1E-F2D3FDC344EB}
		{F97BC6A9-FDF2-3B66-8DFD-858F3D4DA268} = {F97BC6A9-FDF2-3B66-8DFD-858F3D4DA268}
		{CB5ACDAA-CFFE-3840-8820-5CE80A0806C1} = {CB5ACDAA-CFFE-3840-8820-5CE80A0806C1}
		{1E6FA4AD-6383-39D4-8F5C-246D0F694D42} = {1E6FA4AD-6383-39D4-8F5C-246D0F694D42}
		{8C36E1AD-0CE6-3CE8-8F7D-BBA4E04B6BB7} = {8C36E1AD-0CE6-3CE8-8F7D-BBA4E04B6BB7}
		{DCE19DAF-69AC-46DB-B14A-39F0FAA5DB74} = {DCE19DAF-69AC-46DB-B14A-39F0FAA5DB74}
		{A6FFCEAF-4643-3232-A69F-5CFB01B5A7BB} = {A6FFCEAF-4643-3232-A69F-5CFB01B5A7BB}
		{CA1C46B7-1BCA-333A-A635-707581F6B5CB} = {CA1C46B7-1BCA-333A-A635-707581F6B5CB}
		{B0157AB8-D893-3A1A-9DD8-8E69611DB058} = {B0157AB8-D893-3A1A-9DD8-8E69611DB058}
		{B820D8B8-86BF-3500-A46B-3E0D8CE78616} = {B820D8B8-86BF-3500-A46B-3E0D8CE78616}
		{7B0CA1C3-8A31-3F7F-BE26-7A51362F437C} = {7B0CA1C3-8A31-3F7F-BE26-7A51362F437C}
		{2FE19CC4-8034-38E9-BDC2-089CD6183945} = {2FE19CC4-8034-38E9-BDC2-089CD6183945}
		{94432DF4-F8B0-36EE-934E-3709BB8973F7} = {94432DF4-F8B0-36EE-934E-3709BB8973F7}
		{A828EDFA-2D64-3083-B2D0-4E917B77BA88} = {A828EDFA-2D64-3083-B2D0-4E917B77BA88}
		{A9D0BCFC-AF2A-3E57-A6DB-1E52B472D61C} = {A9D0BCFC-AF2A-3E57-A6DB-1E52B472D61C}
		{15CBFEFF-7965-41F5-B4E2-21E8795C9169} = {15CBFEFF-7965-41F5-B4E2-21E8795C9169}
	EndProjectSection
EndProject
Project("{2150E333-8FDC-42A3-9474-1A3956D46DE8}") = "ext", "ext", "{6AC74EFB-8D29-40BC-8DB5-32688A01FF54}"
EndProject
Project("{8BC9CEB8-8B4A-11D0-8D11-00A0C91BC942}") = "vpx", "ext\libvpx_build\vpx.vcxproj", "{DCE19DAF-69AC-46DB-B14A-39F0FAA5DB74}"
EndProject
Project("{8BC9CEB8-8B4A-11D0-8D11-00A0C91BC942}") = "libwebm", "ext\libwebm.vcxproj", "{5EE2DF79-3BCA-4818-8768-E55EF9AF8A15}"
EndProject
Project("{8BC9CEB8-8B4A-11D0-8D11-00A0C91BC942}") = "libogg_static", "ext\libogg_static.vcxproj", "{15CBFEFF-7965-41F5-B4E2-21E8795C9169}"
EndProject
Project("{8BC9CEB8-8B4A-11D0-8D11-00A0C91BC942}") = "libvorbis_static", "ext\libvorbis_static.vcxproj", "{3A214E06-B95E-4D61-A291-1F9DF2EC10FD}"
EndProject
Project("{8BC9CEB8-8B4A-11D0-8D11-00A0C91BC942}") = "opus", "ext\opus\opus.vcxproj", "{219EC965-228A-1824-174D-96449D05F88A}"
EndProject
Project("{2150E333-8FDC-42A3-9474-1A3956D46DE8}") = "aom", "aom", "{EBE2490E-6779-4902-A1C5-49528F286AB5}"
EndProject
Project("{8BC9CEB8-8B4A-11D0-8D11-00A0C91BC942}") = "aom_av1_common", "ext\aom_build\aom_av1_common.vcxproj", "{348E4D64-1893-3C60-8E84-D9D8FE09563F}"
EndProject
Project("{8BC9CEB8-8B4A-11D0-8D11-00A0C91BC942}") = "aom_av1_common_avx2_intrinsics", "ext\aom_build\aom_av1_common_avx2_intrinsics.vcxproj", "{2297A95A-D1E3-395B-9C9F-0EFE4EDEA422}"
EndProject
Project("{8BC9CEB8-8B4A-11D0-8D11-00A0C91BC942}") = "aom_av1_common_sse2_intrinsics", "ext\aom_build\aom_av1_common_sse2_intrinsics.vcxproj", "{921F6887-D1F0-3BE4-9C88-9B0F00281CE5}"
EndProject
Project("{8BC9CEB8-8B4A-11D0-8D11-00A0C91BC942}") = "aom_av1_common_sse4_intrinsics", "ext\aom_build\aom_av1_common_sse4_intrinsics.vcxproj", "{A641F193-B216-33CD-A55D-61CA3F1E0D7B}"
EndProject
Project("{8BC9CEB8-8B4A-11D0-8D11-00A0C91BC942}") = "aom_av1_common_ssse3_intrinsics", "ext\aom_build\aom_av1_common_ssse3_intrinsics.vcxproj", "{0C5864A2-5A46-3F10-9C1E-F2D3FDC344EB}"
EndProject
Project("{8BC9CEB8-8B4A-11D0-8D11-00A0C91BC942}") = "aom_av1_decoder", "ext\aom_build\aom_av1_decoder.vcxproj", "{D295106B-CB3B-3D73-8C52-0F822D586B23}"
EndProject
Project("{8BC9CEB8-8B4A-11D0-8D11-00A0C91BC942}") = "aom_av1_encoder", "ext\aom_build\aom_av1_encoder.vcxproj", "{00DA5182-8C03-37F6-A92C-AC2158E0E87A}"
EndProject
Project("{8BC9CEB8-8B4A-11D0-8D11-00A0C91BC942}") = "aom_av1_encoder_avx2_intrinsics", "ext\aom_build\aom_av1_encoder_avx2_intrinsics.vcxproj", "{5B6ACB0E-9CF5-3565-AC2F-C4C33C803088}"
EndProject
Project("{8BC9CEB8-8B4A-11D0-8D11-00A0C91BC942}") = "aom_av1_encoder_sse2", "ext\aom_build\aom_av1_encoder_sse2.vcxproj", "{F7E95082-4806-3419-AC83-01228BAA3EA5}"
EndProject
Project("{8BC9CEB8-8B4A-11D0-8D11-00A0C91BC942}") = "aom_av1_encoder_sse2_intrinsics", "ext\aom_build\aom_av1_encoder_sse2_intrinsics.vcxproj", "{8C36E1AD-0CE6-3CE8-8F7D-BBA4E04B6BB7}"
EndProject
Project("{8BC9CEB8-8B4A-11D0-8D11-00A0C91BC942}") = "aom_av1_encoder_sse3_intrinsics", "ext\aom_build\aom_av1_encoder_sse3_intrinsics.vcxproj", "{2C058590-1A34-37C6-80B0-2CBE611899C9}"
EndProject
Project("{8BC9CEB8-8B4A-11D0-8D11-00A0C91BC942}") = "aom_av1_encoder_sse4_intrinsics", "ext\aom_build\aom_av1_encoder_sse4_intrinsics.vcxproj", "{B31FD015-E264-34F0-9B95-B29D596FA6E3}"
EndProject
Project("{8BC9CEB8-8B4A-11D0-8D11-00A0C91BC942}") = "aom_av1_encoder_sse42_intrinsics", "ext\aom_build\aom_av1_encoder_sse42_intrinsics.vcxproj", "{457CA05A-64FA-3A47-935B-78D561385E1A}"
EndProject
Project("{8BC9CEB8-8B4A-11D0-8D11-00A0C91BC942}") = "aom_av1_encoder_ssse3", "ext\aom_build\aom_av1_encoder_ssse3.vcxproj", "{2285DB18-52D5-3F76-883B-A0480FC99933}"
EndProject
Project("{8BC9CEB8-8B4A-11D0-8D11-00A0C91BC942}") = "aom_av1_encoder_ssse3_intrinsics", "ext\aom_build\aom_av1_encoder_ssse3_intrinsics.vcxproj", "{B3FC7563-81F1-338B-8E85-B4941007E7B8}"
EndProject
Project("{8BC9CEB8-8B4A-11D0-8D11-00A0C91BC942}") = "aom_av1_rc", "ext\aom_build\aom_av1_rc.vcxproj", "{2736CF10-24CB-3557-AD4A-BA9950E82B28}"
EndProject
Project("{8BC9CEB8-8B4A-11D0-8D11-00A0C91BC942}") = "aom_dsp_common", "ext\aom_build\aom_dsp_common.vcxproj", "{A9D0BCFC-AF2A-3E57-A6DB-1E52B472D61C}"
EndProject
Project("{8BC9CEB8-8B4A-11D0-8D11-00A0C91BC942}") = "aom_dsp_common_avx2_intrinsics", "ext\aom_build\aom_dsp_common_avx2_intrinsics.vcxproj", "{E3912090-7A3E-32B0-B19D-20CF0109549C}"
EndProject
Project("{8BC9CEB8-8B4A-11D0-8D11-00A0C91BC942}") = "aom_dsp_common_sse2", "ext\aom_build\aom_dsp_common_sse2.vcxproj", "{B0157AB8-D893-3A1A-9DD8-8E69611DB058}"
EndProject
Project("{8BC9CEB8-8B4A-11D0-8D11-00A0C91BC942}") = "aom_dsp_common_sse2_intrinsics", "ext\aom_build\aom_dsp_common_sse2_intrinsics.vcxproj", "{A45B363C-4BAA-3191-9582-B3D6BE1A2EFE}"
EndProject
Project("{8BC9CEB8-8B4A-11D0-8D11-00A0C91BC942}") = "aom_dsp_common_sse4_1_intrinsics", "ext\aom_build\aom_dsp_common_sse4_1_intrinsics.vcxproj", "{A6FFCEAF-4643-3232-A69F-5CFB01B5A7BB}"
EndProject
Project("{8BC9CEB8-8B4A-11D0-8D11-00A0C91BC942}") = "aom_dsp_encoder_ssse3", "ext\aom_build\aom_dsp_encoder_ssse3.vcxproj", "{EE6C0B30-D76C-3B93-80F6-90F13BC84BB8}"
EndProject
Project("{8BC9CEB8-8B4A-11D0-8D11-00A0C91BC942}") = "aom_dsp_common_ssse3", "ext\aom_build\aom_dsp_common_ssse3.vcxproj", "{94432DF4-F8B0-36EE-934E-3709BB8973F7}"
EndProject
Project("{8BC9CEB8-8B4A-11D0-8D11-00A0C91BC942}") = "aom_dsp_common_ssse3_intrinsics", "ext\aom_build\aom_dsp_common_ssse3_intrinsics.vcxproj", "{2BE67895-CE7B-3C37-932B-260CDF132386}"
EndProject
Project("{8BC9CEB8-8B4A-11D0-8D11-00A0C91BC942}") = "aom_dsp_decoder", "ext\aom_build\aom_dsp_decoder.vcxproj", "{5C30D46C-04A3-3619-ADF6-FEF90E401DDE}"
EndProject
Project("{8BC9CEB8-8B4A-11D0-8D11-00A0C91BC942}") = "aom_dsp_encoder_avx_intrinsics", "ext\aom_build\aom_dsp_encoder_avx_intrinsics.vcxproj", "{CA1C46B7-1BCA-333A-A635-707581F6B5CB}"
EndProject
Project("{8BC9CEB8-8B4A-11D0-8D11-00A0C91BC942}") = "aom_dsp_encoder_avx2_intrinsics", "ext\aom_build\aom_dsp_encoder_avx2_intrinsics.vcxproj", "{A828EDFA-2D64-3083-B2D0-4E917B77BA88}"
EndProject
Project("{8BC9CEB8-8B4A-11D0-8D11-00A0C91BC942}") = "aom_dsp_encoder_sse2", "ext\aom_build\aom_dsp_encoder_sse2.vcxproj", "{549EF911-B7F7-3F99-86EC-70E077B2FF38}"
EndProject
Project("{8BC9CEB8-8B4A-11D0-8D11-00A0C91BC942}") = "aom_dsp_encoder", "ext\aom_build\aom_dsp_encoder.vcxproj", "{1E6FA4AD-6383-39D4-8F5C-246D0F694D42}"
EndProject
Project("{8BC9CEB8-8B4A-11D0-8D11-00A0C91BC942}") = "aom_dsp_encoder_sse2_intrinsics", "ext\aom_build\aom_dsp_encoder_sse2_intrinsics.vcxproj", "{95A2E519-0376-3B8C-8FC3-0AB1B53B14BB}"
EndProject
Project("{8BC9CEB8-8B4A-11D0-8D11-00A0C91BC942}") = "aom_dsp_encoder_sse4_1_intrinsics", "ext\aom_build\aom_dsp_encoder_sse4_1_intrinsics.vcxproj", "{B820D8B8-86BF-3500-A46B-3E0D8CE78616}"
EndProject
Project("{8BC9CEB8-8B4A-11D0-8D11-00A0C91BC942}") = "aom_dsp_encoder_ssse3_intrinsics", "ext\aom_build\aom_dsp_encoder_ssse3_intrinsics.vcxproj", "{E5F8A21B-6633-3B5C-9EB5-BCCA356A34FD}"
EndProject
Project("{8BC9CEB8-8B4A-11D0-8D11-00A0C91BC942}") = "aom_mem", "ext\aom_build\aom_mem.vcxproj", "{45300B59-0D3A-3422-A2C7-76BAE271F64C}"
EndProject
Project("{8BC9CEB8-8B4A-11D0-8D11-00A0C91BC942}") = "aom_obj", "ext\aom_build\aom_obj.vcxproj", "{CB5ACDAA-CFFE-3840-8820-5CE80A0806C1}"
EndProject
Project("{8BC9CEB8-8B4A-11D0-8D11-00A0C91BC942}") = "aom_ports", "ext\aom_build\aom_ports.vcxproj", "{7B0CA1C3-8A31-3F7F-BE26-7A51362F437C}"
EndProject
Project("{8BC9CEB8-8B4A-11D0-8D11-00A0C91BC942}") = "aom_rtcd", "ext\aom_build\aom_rtcd.vcxproj", "{2FE19CC4-8034-38E9-BDC2-089CD6183945}"
EndProject
Project("{8BC9CEB8-8B4A-11D0-8D11-00A0C91BC942}") = "aom_scale", "ext\aom_build\aom_scale.vcxproj", "{006BA298-85C0-301A-8057-923A1B27E492}"
EndProject
Project("{8BC9CEB8-8B4A-11D0-8D11-00A0C91BC942}") = "aom_util", "ext\aom_build\aom_util.vcxproj", "{F97BC6A9-FDF2-3B66-8DFD-858F3D4DA268}"
EndProject
Global
	GlobalSection(SolutionConfigurationPlatforms) = preSolution
		Debug|x64 = Debug|x64
		Release|x64 = Release|x64
	EndGlobalSection
	GlobalSection(ProjectConfigurationPlatforms) = postSolution
		{8C4F19A7-759E-4D52-BAEC-7ADF60FBFE8F}.Debug|x64.ActiveCfg = Debug|x64
		{8C4F19A7-759E-4D52-BAEC-7ADF60FBFE8F}.Debug|x64.Build.0 = Debug|x64
		{8C4F19A7-759E-4D52-BAEC-7ADF60FBFE8F}.Release|x64.ActiveCfg = Release|x64
		{8C4F19A7-759E-4D52-BAEC-7ADF60FBFE8F}.Release|x64.Build.0 = Release|x64
		{DCE19DAF-69AC-46DB-B14A-39F0FAA5DB74}.Debug|x64.ActiveCfg = Debug|x64
		{DCE19DAF-69AC-46DB-B14A-39F0FAA5DB74}.Debug|x64.Build.0 = Debug|x64
		{DCE19DAF-69AC-46DB-B14A-39F0FAA5DB74}.Release|x64.ActiveCfg = Release|x64
		{DCE19DAF-69AC-46DB-B14A-39F0FAA5DB74}.Release|x64.Build.0 = Release|x64
		{5EE2DF79-3BCA-4818-8768-E55EF9AF8A15}.Debug|x64.ActiveCfg = Debug|x64
		{5EE2DF79-3BCA-4818-8768-E55EF9AF8A15}.Debug|x64.Build.0 = Debug|x64
		{5EE2DF79-3BCA-4818-8768-E55EF9AF8A15}.Release|x64.ActiveCfg = Release|x64
		{5EE2DF79-3BCA-4818-8768-E55EF9AF8A15}.Release|x64.Build.0 = Release|x64
		{15CBFEFF-7965-41F5-B4E2-21E8795C9169}.Debug|x64.ActiveCfg = Debug|x64
		{15CBFEFF-7965-41F5-B4E2-21E8795C9169}.Debug|x64.Build.0 = Debug|x64
		{15CBFEFF-7965-41F5-B4E2-21E8795C9169}.Release|x64.ActiveCfg = Release|x64
		{15CBFEFF-7965-41F5-B4E2-21E8795C9169}.Release|x64.Build.0 = Release|x64
		{3A214E06-B95E-4D61-A291-1F9DF2EC10FD}.Debug|x64.ActiveCfg = Debug|x64
		{3A214E06-B95E-4D61-A291-1F9DF2EC10FD}.Debug|x64.Build.0 = Debug|x64
		{3A214E06-B95E-4D61-A291-1F9DF2EC10FD}.Release|x64.ActiveCfg = Release|x64
		{3A214E06-B95E-4D61-A291-1F9DF2EC10FD}.Release|x64.Build.0 = Release|x64
		{219EC965-228A-1824-174D-96449D05F88A}.Debug|x64.ActiveCfg = Debug|x64
		{219EC965-228A-1824-174D-96449D05F88A}.Debug|x64.Build.0 = Debug|x64
		{219EC965-228A-1824-174D-96449D05F88A}.Release|x64.ActiveCfg = Release|x64
		{219EC965-228A-1824-174D-96449D05F88A}.Release|x64.Build.0 = Release|x64
		{348E4D64-1893-3C60-8E84-D9D8FE09563F}.Debug|x64.ActiveCfg = Debug|x64
		{348E4D64-1893-3C60-8E84-D9D8FE09563F}.Debug|x64.Build.0 = Debug|x64
		{348E4D64-1893-3C60-8E84-D9D8FE09563F}.Release|x64.ActiveCfg = Release|x64
		{348E4D64-1893-3C60-8E84-D9D8FE09563F}.Release|x64.Build.0 = Release|x64
		{2297A95A-D1E3-395B-9C9F-0EFE4EDEA422}.Debug|x64.ActiveCfg = Debug|x64
		{2297A95A-D1E3-395B-9C9F-0EFE4EDEA422}.Debug|x64.Build.0 = Debug|x64
		{2297A95A-D1E3-395B-9C9F-0EFE4EDEA422}.Release|x64.ActiveCfg = Release|x64
		{2297A95A-D1E3-395B-9C9F-0EFE4EDEA422}.Release|x64.Build.0 = Release|x64
		{921F6887-D1F0-3BE4-9C88-9B0F00281CE5}.Debug|x64.ActiveCfg = Debug|x64
		{921F6887-D1F0-3BE4-9C88-9B0F00281CE5}.Debug|x64.Build.0 = Debug|x64
		{921F6887-D1F0-3BE4-9C88-9B0F00281CE5}.Release|x64.ActiveCfg = Release|x64
		{921F6887-D1F0-3BE4-9C88-9B0F00281CE5}.Release|x64.Build.0 = Release|x64
		{A641F193-B216-33CD-A55D-61CA3F1E0D7B}.Debug|x64.ActiveCfg = Debug|x64
		{A641F193-B216-33CD-A55D-61CA3F1E0D7B}.Debug|x64.Build.0 = Debug|x64
		{A641F193-B216-33CD-A55D-61CA3F1E0D7B}.Release|x64.ActiveCfg = Release|x64
		{A641F193-B216-33CD-A55D-61CA3F1E0D7B}.Release|x64.Build.0 = Release|x64
		{0C5864A2-5A46-3F10-9C1E-F2D3FDC344EB}.Debug|x64.ActiveCfg = Debug|x64
		{0C5864A2-5A46-3F10-9C1E-F2D3FDC344EB}.Debug|x64.Build.0 = Debug|x64
		{0C5864A2-5A46-3F10-9C1E-F2D3FDC344EB}.Release|x64.ActiveCfg = Release|x64
		{0C5864A2-5A46-3F10-9C1E-F2D3FDC344EB}.Release|x64.Build.0 = Release|x64
		{D295106B-CB3B-3D73-8C52-0F822D586B23}.Debug|x64.ActiveCfg = Debug|x64
		{D295106B-CB3B-3D73-8C52-0F822D586B23}.Debug|x64.Build.0 = Debug|x64
		{D295106B-CB3B-3D73-8C52-0F822D586B23}.Release|x64.ActiveCfg = Release|x64
		{D295106B-CB3B-3D73-8C52-0F822D586B23}.Release|x64.Build.0 = Release|x64
		{00DA5182-8C03-37F6-A92C-AC2158E0E87A}.Debug|x64.ActiveCfg = Debug|x64
		{00DA5182-8C03-37F6-A92C-AC2158E0E87A}.Debug|x64.Build.0 = Debug|x64
		{00DA5182-8C03-37F6-A92C-AC2158E0E87A}.Release|x64.ActiveCfg = Release|x64
		{00DA5182-8C03-37F6-A92C-AC2158E0E87A}.Release|x64.Build.0 = Release|x64
		{5B6ACB0E-9CF5-3565-AC2F-C4C33C803088}.Debug|x64.ActiveCfg = Debug|x64
		{5B6ACB0E-9CF5-3565-AC2F-C4C33C803088}.Debug|x64.Build.0 = Debug|x64
		{5B6ACB0E-9CF5-3565-AC2F-C4C33C803088}.Release|x64.ActiveCfg = Release|x64
		{5B6ACB0E-9CF5-3565-AC2F-C4C33C803088}.Release|x64.Build.0 = Release|x64
		{F7E95082-4806-3419-AC83-01228BAA3EA5}.Debug|x64.ActiveCfg = Debug|x64
		{F7E95082-4806-3419-AC83-01228BAA3EA5}.Debug|x64.Build.0 = Debug|x64
		{F7E95082-4806-3419-AC83-01228BAA3EA5}.Release|x64.ActiveCfg = Release|x64
		{F7E95082-4806-3419-AC83-01228BAA3EA5}.Release|x64.Build.0 = Release|x64
		{8C36E1AD-0CE6-3CE8-8F7D-BBA4E04B6BB7}.Debug|x64.ActiveCfg = Debug|x64
		{8C36E1AD-0CE6-3CE8-8F7D-BBA4E04B6BB7}.Debug|x64.Build.0 = Debug|x64
		{8C36E1AD-0CE6-3CE8-8F7D-BBA4E04B6BB7}.Release|x64.ActiveCfg = Release|x64
		{8C36E1AD-0CE6-3CE8-8F7D-BBA4E04B6BB7}.Release|x64.Build.0 = Release|x64
		{2C058590-1A34-37C6-80B0-2CBE611899C9}.Debug|x64.ActiveCfg = Debug|x64
		{2C058590-1A34-37C6-80B0-2CBE611899C9}.Debug|x64.Build.0 = Debug|x64
		{2C058590-1A34-37C6-80B0-2CBE611899C9}.Release|x64.ActiveCfg = Release|x64
		{2C058590-1A34-37C6-80B0-2CBE611899C9}.Release|x64.Build.0 = Release|x64
		{B31FD015-E264-34F0-9B95-B29D596FA6E3}.Debug|x64.ActiveCfg = Debug|x64
		{B31FD015-E264-34F0-9B95-B29D596FA6E3}.Debug|x64.Build.0 = Debug|x64
		{B31FD015-E264-34F0-9B95-B29D596FA6E3}.Release|x64.ActiveCfg = Release|x64
		{B31FD015-E264-34F0-9B95-B29D596FA6E3}.Release|x64.Build.0 = Release|x64
		{457CA05A-64FA-3A47-935B-78D561385E1A}.Debug|x64.ActiveCfg = Debug|x64
		{457CA05A-64FA-3A47-935B-78D561385E1A}.Debug|x64.Build.0 = Debug|x64
		{457CA05A-64FA-3A47-935B-78D561385E1A}.Release|x64.ActiveCfg = Release|x64
		{457CA05A-64FA-3A47-935B-78D561385E1A}.Release|x64.Build.0 = Release|x64
		{2285DB18-52D5-3F76-883B-A0480FC99933}.Debug|x64.ActiveCfg = Debug|x64
		{2285DB18-52D5-3F76-883B-A0480FC99933}.Debug|x64.Build.0 = Debug|x64
		{2285DB18-52D5-3F76-883B-A0480FC99933}.Release|x64.ActiveCfg = Release|x64
		{2285DB18-52D5-3F76-883B-A0480FC99933}.Release|x64.Build.0 = Release|x64
		{B3FC7563-81F1-338B-8E85-B4941007E7B8}.Debug|x64.ActiveCfg = Debug|x64
		{B3FC7563-81F1-338B-8E85-B4941007E7B8}.Debug|x64.Build.0 = Debug|x64
		{B3FC7563-81F1-338B-8E85-B4941007E7B8}.Release|x64.ActiveCfg = Release|x64
		{B3FC7563-81F1-338B-8E85-B4941007E7B8}.Release|x64.Build.0 = Release|x64
		{2736CF10-24CB-3557-AD4A-BA9950E82B28}.Debug|x64.ActiveCfg = Debug|x64
		{2736CF10-24CB-3557-AD4A-BA9950E82B28}.Debug|x64.Build.0 = Debug|x64
		{2736CF10-24CB-3557-AD4A-BA9950E82B28}.Release|x64.ActiveCfg = Release|x64
		{2736CF10-24CB-3557-AD4A-BA9950E82B28}.Release|x64.Build.0 = Release|x64
		{A9D0BCFC-AF2A-3E57-A6DB-1E52B472D61C}.Debug|x64.ActiveCfg = Debug|x64
		{A9D0BCFC-AF2A-3E57-A6DB-1E52B472D61C}.Debug|x64.Build.0 = Debug|x64
		{A9D0BCFC-AF2A-3E57-A6DB-1E52B472D61C}.Release|x64.ActiveCfg = Release|x64
		{A9D0BCFC-AF2A-3E57-A6DB-1E52B472D61C}.Release|x64.Build.0 = Release|x64
		{E3912090-7A3E-32B0-B19D-20CF0109549C}.Debug|x64.ActiveCfg = Debug|x64
		{E3912090-7A3E-32B0-B19D-20CF0109549C}.Debug|x64.Build.0 = Debug|x64
		{E3912090-7A3E-32B0-B19D-20CF0109549C}.Release|x64.ActiveCfg = Release|x64
		{E3912090-7A3E-32B0-B19D-20CF0109549C}.Release|x64.Build.0 = Release|x64
		{B0157AB8-D893-3A1A-9DD8-8E69611DB058}.Debug|x64.ActiveCfg = Debug|x64
		{B0157AB8-D893-3A1A-9DD8-8E69611DB058}.Debug|x64.Build.0 = Debug|x64
		{B0157AB8-D893-3A1A-9DD8-8E69611DB058}.Release|x64.ActiveCfg = Release|x64
		{B0157AB8-D893-3A1A-9DD8-8E69611DB058}.Release|x64.Build.0 = Release|x64
		{A45B363C-4BAA-3191-9582-B3D6BE1A2EFE}.Debug|x64.ActiveCfg = Debug|x64
		{A45B363C-4BAA-3191-9582-B3D6BE1A2EFE}.Debug|x64.Build.0 = Debug|x64
		{A45B363C-4BAA-3191-9582-B3D6BE1A2EFE}.Release|x64.ActiveCfg = Release|x64
		{A45B363C-4BAA-3191-9582-B3D6BE1A2EFE}.Release|x64.Build.0 = Release|x64
		{A6FFCEAF-4643-3232-A69F-5CFB01B5A7BB}.Debug|x64.ActiveCfg = Debug|x64
		{A6FFCEAF-4643-3232-A69F-5CFB01B5A7BB}.Debug|x64.Build.0 = Debug|x64
		{A6FFCEAF-4643-3232-A69F-5CFB01B5A7BB}.Release|x64.ActiveCfg = Release|x64
		{A6FFCEAF-4643-3232-A69F-5CFB01B5A7BB}.Release|x64.Build.0 = Release|x64
		{EE6C0B30-D76C-3B93-80F6-90F13BC84BB8}.Debug|x64.ActiveCfg = Debug|x64
		{EE6C0B30-D76C-3B93-80F6-90F13BC84BB8}.Debug|x64.Build.0 = Debug|x64
		{EE6C0B30-D76C-3B93-80F6-90F13BC84BB8}.Release|x64.ActiveCfg = Release|x64
		{EE6C0B30-D76C-3B93-80F6-90F13BC84BB8}.Release|x64.Build.0 = Release|x64
		{94432DF4-F8B0-36EE-934E-3709BB8973F7}.Debug|x64.ActiveCfg = Debug|x64
		{94432DF4-F8B0-36EE-934E-3709BB8973F7}.Debug|x64.Build.0 = Debug|x64
		{94432DF4-F8B0-36EE-934E-3709BB8973F7}.Release|x64.ActiveCfg = Release|x64
		{94432DF4-F8B0-36EE-934E-3709BB8973F7}.Release|x64.Build.0 = Release|x64
		{2BE67895-CE7B-3C37-932B-260CDF132386}.Debug|x64.ActiveCfg = Debug|x64
		{2BE67895-CE7B-3C37-932B-260CDF132386}.Debug|x64.Build.0 = Debug|x64
		{2BE67895-CE7B-3C37-932B-260CDF132386}.Release|x64.ActiveCfg = Release|x64
		{2BE67895-CE7B-3C37-932B-260CDF132386}.Release|x64.Build.0 = Release|x64
		{5C30D46C-04A3-3619-ADF6-FEF90E401DDE}.Debug|x64.ActiveCfg = Debug|x64
		{5C30D46C-04A3-3619-ADF6-FEF90E401DDE}.Debug|x64.Build.0 = Debug|x64
		{5C30D46C-04A3-3619-ADF6-FEF90E401DDE}.Release|x64.ActiveCfg = Release|x64
		{5C30D46C-04A3-3619-ADF6-FEF90E401DDE}.Release|x64.Build.0 = Release|x64
		{CA1C46B7-1BCA-333A-A635-707581F6B5CB}.Debug|x64.ActiveCfg = Debug|x64
		{CA1C46B7-1BCA-333A-A635-707581F6B5CB}.Debug|x64.Build.0 = Debug|x64
		{CA1C46B7-1BCA-333A-A635-707581F6B5CB}.Release|x64.ActiveCfg = Release|x64
		{CA1C46B7-1BCA-333A-A635-707581F6B5CB}.Release|x64.Build.0 = Release|x64
		{A828EDFA-2D64-3083-B2D0-4E917B77BA88}.Debug|x64.ActiveCfg = Debug|x64
		{A828EDFA-2D64-3083-B2D0-4E917B77BA88}.Debug|x64.Build.0 = Debug|x64
		{A828EDFA-2D64-3083-B2D0-4E917B77BA88}.Release|x64.ActiveCfg = Release|x64
		{A828EDFA-2D64-3083-B2D0-4E917B77BA88}.Release|x64.Build.0 = Release|x64
		{549EF911-B7F7-3F99-86EC-70E077B2FF38}.Debug|x64.ActiveCfg = Debug|x64
		{549EF911-B7F7-3F99-86EC-70E077B2FF38}.Debug|x64.Build.0 = Debug|x64
		{549EF911-B7F7-3F99-86EC-70E077B2FF38}.Release|x64.ActiveCfg = Release|x64
		{549EF911-B7F7-3F99-86EC-70E077B2FF38}.Release|x64.Build.0 = Release|x64
		{1E6FA4AD-6383-39D4-8F5C-246D0F694D42}.Debug|x64.ActiveCfg = Debug|x64
		{1E6FA4AD-6383-39D4-8F5C-246D0F694D42}.Debug|x64.Build.0 = Debug|x64
		{1E6FA4AD-6383-39D4-8F5C-246D0F694D42}.Release|x64.ActiveCfg = Release|x64
		{1E6FA4AD-6383-39D4-8F5C-246D0F694D42}.Release|x64.Build.0 = Release|x64
		{95A2E519-0376-3B8C-8FC3-0AB1B53B14BB}.Debug|x64.ActiveCfg = Debug|x64
		{95A2E519-0376-3B8C-8FC3-0AB1B53B14BB}.Debug|x64.Build.0 = Debug|x64
		{95A2E519-0376-3B8C-8FC3-0AB1B53B14BB}.Release|x64.ActiveCfg = Release|x64
		{95A2E519-0376-3B8C-8FC3-0AB1B53B14BB}.Release|x64.Build.0 = Release|x64
		{B820D8B8-86BF-3500-A46B-3E0D8CE78616}.Debug|x64.ActiveCfg = Debug|x64
		{B820D8B8-86BF-3500-A46B-3E0D8CE78616}.Debug|x64.Build.0 = Debug|x64
		{B820D8B8-86BF-3500-A46B-3E0D8CE78616}.Release|x64.ActiveCfg = Release|x64
		{B820D8B8-86BF-3500-A46B-3E0D8CE78616}.Release|x64.Build.0 = Release|x64
		{E5F8A21B-6633-3B5C-9EB5-BCCA356A34FD}.Debug|x64.ActiveCfg = Debug|x64
		{E5F8A21B-6633-3B5C-9EB5-BCCA356A34FD}.Debug|x64.Build.0 = Debug|x64
		{E5F8A21B-6633-3B5C-9EB5-BCCA356A34FD}.Release|x64.ActiveCfg = Release|x64
		{E5F8A21B-6633-3B5C-9EB5-BCCA356A34FD}.Release|x64.Build.0 = Release|x64
		{45300B59-0D3A-3422-A2C7-76BAE271F64C}.Debug|x64.ActiveCfg = Debug|x64
		{45300B59-0D3A-3422-A2C7-76BAE271F64C}.Debug|x64.Build.0 = Debug|x64
		{45300B59-0D3A-3422-A2C7-76BAE271F64C}.Release|x64.ActiveCfg = Release|x64
		{45300B59-0D3A-3422-A2C7-76BAE271F64C}.Release|x64.Build.0 = Release|x64
		{CB5ACDAA-CFFE-3840-8820-5CE80A0806C1}.Debug|x64.ActiveCfg = Debug|x64
		{CB5ACDAA-CFFE-3840-8820-5CE80A0806C1}.Debug|x64.Build.0 = Debug|x64
		{CB5ACDAA-CFFE-3840-8820-5CE80A0806C1}.Release|x64.ActiveCfg = Release|x64
		{CB5ACDAA-CFFE-3840-8820-5CE80A0806C1}.Release|x64.Build.0 = Release|x64
		{7B0CA1C3-8A31-3F7F-BE26-7A51362F437C}.Debug|x64.ActiveCfg = Debug|x64
		{7B0CA1C3-8A31-3F7F-BE26-7A51362F437C}.Debug|x64.Build.0 = Debug|x64
		{7B0CA1C3-8A31-3F7F-BE26-7A51362F437C}.Release|x64.ActiveCfg = Release|x64
		{7B0CA1C3-8A31-3F7F-BE26-7A51362F437C}.Release|x64.Build.0 = Release|x64
		{2FE19CC4-8034-38E9-BDC2-089CD6183945}.Debug|x64.ActiveCfg = Debug|x64
		{2FE19CC4-8034-38E9-BDC2-089CD6183945}.Debug|x64.Build.0 = Debug|x64
		{2FE19CC4-8034-38E9-BDC2-089CD6183945}.Release|x64.ActiveCfg = Release|x64
		{2FE19CC4-8034-38E9-BDC2-089CD6183945}.Release|x64.Build.0 = Release|x64
		{006BA298-85C0-301A-8057-923A1B27E492}.Debug|x64.ActiveCfg = Debug|x64
		{006BA298-85C0-301A-8057-923A1B27E492}.Debug|x64.Build.0 = Debug|x64
		{006BA298-85C0-301A-8057-923A1B27E492}.Release|x64.ActiveCfg = Release|x64
		{006BA298-85C0-301A-8057-923A1B27E492}.Release|x64.Build.0 = Release|x64
		{F97BC6A9-FDF2-3B66-8DFD-858F3D4DA268}.Debug|x64.ActiveCfg = Debug|x64
		{F97BC6A9-FDF2-3B66-8DFD-858F3D4DA268}.Debug|x64.Build.0 = Debug|x64
		{F97BC6A9-FDF2-3B66-8DFD-858F3D4DA268}.Release|x64.ActiveCfg = Release|x64
		{F97BC6A9-FDF2-3B66-8DFD-858F3D4DA268}.Release|x64.Build.0 = Release|x64
	EndGlobalSection
	GlobalSection(SolutionProperties) = preSolution
		HideSolutionNode = FALSE
	EndGlobalSection
	GlobalSection(NestedProjects) = preSolution
		{DCE19DAF-69AC-46DB-B14A-39F0FAA5DB74} = {6AC74EFB-8D29-40BC-8DB5-32688A01FF54}
		{5EE2DF79-3BCA-4818-8768-E55EF9AF8A15} = {6AC74EFB-8D29-40BC-8DB5-32688A01FF54}
		{15CBFEFF-7965-41F5-B4E2-21E8795C9169} = {6AC74EFB-8D29-40BC-8DB5-32688A01FF54}
		{3A214E06-B95E-4D61-A291-1F9DF2EC10FD} = {6AC74EFB-8D29-40BC-8DB5-32688A01FF54}
		{219EC965-228A-1824-174D-96449D05F88A} = {6AC74EFB-8D29-40BC-8DB5-32688A01FF54}
		{EBE2490E-6779-4902-A1C5-49528F286AB5} = {6AC74EFB-8D29-40BC-8DB5-32688A01FF54}
		{348E4D64-1893-3C60-8E84-D9D8FE09563F} = {EBE2490E-6779-4902-A1C5-49528F286AB5}
		{2297A95A-D1E3-395B-9C9F-0EFE4EDEA422} = {EBE2490E-6779-4902-A1C5-49528F286AB5}
		{921F6887-D1F0-3BE4-9C88-9B0F00281CE5} = {EBE2490E-6779-4902-A1C5-49528F286AB5}
		{A641F193-B216-33CD-A55D-61CA3F1E0D7B} = {EBE2490E-6779-4902-A1C5-49528F286AB5}
		{0C5864A2-5A46-3F10-9C1E-F2D3FDC344EB} = {EBE2490E-6779-4902-A1C5-49528F286AB5}
		{D295106B-CB3B-3D73-8C52-0F822D586B23} = {EBE2490E-6779-4902-A1C5-49528F286AB5}
		{00DA5182-8C03-37F6-A92C-AC2158E0E87A} = {EBE2490E-6779-4902-A1C5-49528F286AB5}
		{5B6ACB0E-9CF5-3565-AC2F-C4C33C803088} = {EBE2490E-6779-4902-A1C5-49528F286AB5}
		{F7E95082-4806-3419-AC83-01228BAA3EA5} = {EBE2490E-6779-4902-A1C5-49528F286AB5}
		{8C36E1AD-0CE6-3CE8-8F7D-BBA4E04B6BB7} = {EBE2490E-6779-4902-A1C5-49528F286AB5}
		{2C058590-1A34-37C6-80B0-2CBE611899C9} = {EBE2490E-6779-4902-A1C5-49528F286AB5}
		{B31FD015-E264-34F0-9B95-B29D596FA6E3} = {EBE2490E-6779-4902-A1C5-49528F286AB5}
		{457CA05A-64FA-3A47-935B-78D561385E1A} = {EBE2490E-6779-4902-A1C5-49528F286AB5}
		{2285DB18-52D5-3F76-883B-A0480FC99933} = {EBE2490E-6779-4902-A1C5-49528F286AB5}
		{B3FC7563-81F1-338B-8E85-B4941007E7B8} = {EBE2490E-6779-4902-A1C5-49528F286AB5}
		{2736CF10-24CB-3557-AD4A-BA9950E82B28} = {EBE2490E-6779-4902-A1C5-49528F286AB5}
		{A9D0BCFC-AF2A-3E57-A6DB-1E52B472D61C} = {EBE2490E-6779-4902-A1C5-49528F286AB5}
		{E3912090-7A3E-32B0-B19D-20CF0109549C} = {EBE2490E-6779-4902-A1C5-49528F286AB5}
		{B0157AB8-D893-3A1A-9DD8-8E69611DB058} = {EBE2490E-6779-4902-A1C5-49528F286AB5}
		{A45B363C-4BAA-3191-9582-B3D6BE1A2EFE} = {EBE2490E-6779-4902-A1C5-49528F286AB5}
		{A6FFCEAF-4643-3232-A69F-5CFB01B5A7BB} = {EBE2490E-6779-4902-A1C5-49528F286AB5}
		{EE6C0B30-D76C-3B93-80F6-90F13BC84BB8} = {EBE2490E-6779-4902-A1C5-49528F286AB5}
		{94432DF4-F8B0-36EE-934E-3709BB8973F7} = {EBE2490E-6779-4902-A1C5-49528F286AB5}
		{2BE67895-CE7B-3C37-932B-260CDF132386} = {EBE2490E-6779-4902-A1C5-49528F286AB5}
		{5C30D46C-04A3-3619-ADF6-FEF90E401DDE} = {EBE2490E-6779-4902-A1C5-49528F286AB5}
		{CA1C46B7-1BCA-333A-A635-707581F6B5CB} = {EBE2490E-6779-4902-A1C5-49528F286AB5}
		{A828EDFA-2D64-3083-B2D0-4E917B77BA88} = {EBE2490E-6779-4902-A1C5-49528F286AB5}
		{549EF911-B7F7-3F99-86EC-70E077B2FF38} = {EBE2490E-6779-4902-A1C5-49528F286AB5}
		{1E6FA4AD-6383-39D4-8F5C-246D0F694D42} = {EBE2490E-6779-4902-A1C5-49528F286AB5}
		{95A2E519-0376-3B8C-8FC3-0AB1B53B14BB} = {EBE2490E-6779-4902-A1C5-49528F286AB5}
		{B820D8B8-86BF-3500-A46B-3E0D8CE78616} = {EBE2490E-6779-4902-A1C5-49528F286AB5}
		{E5F8A21B-6633-3B5C-9EB5-BCCA356A34FD} = {EBE2490E-6779-4902-A1C5-49528F286AB5}
		{45300B59-0D3A-3422-A2C7-76BAE271F64C} = {EBE2490E-6779-4902-A1C5-49528F286AB5}
		{CB5ACDAA-CFFE-3840-8820-5CE80A0806C1} = {EBE2490E-6779-4902-A1C5-49528F286AB5}
		{7B0CA1C3-8A31-3F7F-BE26-7A51362F437C} = {EBE2490E-6779-4902-A1C5-49528F286AB5}
		{2FE19CC4-8034-38E9-BDC2-089CD6183945} = {EBE2490E-6779-4902-A1C5-49528F286AB5}
		{006BA298-85C0-301A-8057-923A1B27E492} = {EBE2490E-6779-4902-A1C5-49528F286AB5}
		{F97BC6A9-FDF2-3B66-8DFD-858F3D4DA268} = {EBE2490E-6779-4902-A1C5-49528F286AB5}
	EndGlobalSection
	GlobalSection(ExtensibilityGlobals) = postSolution
		SolutionGuid = {A5E36402-A79D-4C6B-B1B7-263AECEA4F7E}
	EndGlobalSection
EndGlobal
